
Microsoft Visual Studio Solution File, Format Version 12.00
# Visual Studio Version 17
VisualStudioVersion = 17.3.32825.248
MinimumVisualStudioVersion = 10.0.40219.1
Project("{FAE04EC0-301F-11D3-BF4B-00C04F79EFBC}") = "Part_1_Task_5.83", "Part_1_Task_5.83\Part_1_Task_5.83.csproj", "{A5307C44-FEA0-4A88-9CD6-B200BF65EA65}"
EndProject
Global
	GlobalSection(SolutionConfigurationPlatforms) = preSolution
		Debug|Any CPU = Debug|Any CPU
		Release|Any CPU = Release|Any CPU
	EndGlobalSection
	GlobalSection(ProjectConfigurationPlatforms) = postSolution
		{A5307C44-FEA0-4A88-9CD6-B200BF65EA65}.Debug|Any CPU.ActiveCfg = Debug|Any CPU
		{A5307C44-FEA0-4A88-9CD6-B200BF65EA65}.Debug|Any CPU.Build.0 = Debug|Any CPU
		{A5307C44-FEA0-4A88-9CD6-B200BF65EA65}.Release|Any CPU.ActiveCfg = Release|Any CPU
		{A5307C44-FEA0-4A88-9CD6-B200BF65EA65}.Release|Any CPU.Build.0 = Release|Any CPU
	EndGlobalSection
	GlobalSection(SolutionProperties) = preSolution
		HideSolutionNode = FALSE
	EndGlobalSection
	GlobalSection(ExtensibilityGlobals) = postSolution
		SolutionGuid = {41EAB1B9-EBD3-4A93-8C3F-24C1B5689AD6}
	EndGlobalSection
EndGlobal
