
Microsoft Visual Studio Solution File, Format Version 12.00
# Visual Studio Version 17
VisualStudioVersion = 17.3.32825.248
MinimumVisualStudioVersion = 10.0.40219.1
Project("{FAE04EC0-301F-11D3-BF4B-00C04F79EFBC}") = "Part_1_Task_5.23", "Part_1_Task_5.23\Part_1_Task_5.23.csproj", "{80A07DC7-6E7B-46DE-B095-FB029BA414CA}"
EndProject
Global
	GlobalSection(SolutionConfigurationPlatforms) = preSolution
		Debug|Any CPU = Debug|Any CPU
		Release|Any CPU = Release|Any CPU
	EndGlobalSection
	GlobalSection(ProjectConfigurationPlatforms) = postSolution
		{80A07DC7-6E7B-46DE-B095-FB029BA414CA}.Debug|Any CPU.ActiveCfg = Debug|Any CPU
		{80A07DC7-6E7B-46DE-B095-FB029BA414CA}.Debug|Any CPU.Build.0 = Debug|Any CPU
		{80A07DC7-6E7B-46DE-B095-FB029BA414CA}.Release|Any CPU.ActiveCfg = Release|Any CPU
		{80A07DC7-6E7B-46DE-B095-FB029BA414CA}.Release|Any CPU.Build.0 = Release|Any CPU
	EndGlobalSection
	GlobalSection(SolutionProperties) = preSolution
		HideSolutionNode = FALSE
	EndGlobalSection
	GlobalSection(ExtensibilityGlobals) = postSolution
		SolutionGuid = {58B585A0-4C95-4669-B52E-E1579FEA4493}
	EndGlobalSection
EndGlobal
