
Microsoft Visual Studio Solution File, Format Version 12.00
# Visual Studio Version 17
VisualStudioVersion = 17.3.32825.248
MinimumVisualStudioVersion = 10.0.40219.1
Project("{FAE04EC0-301F-11D3-BF4B-00C04F79EFBC}") = "Part_1_Task_4.113", "Part_1_Task_4.113\Part_1_Task_4.113.csproj", "{EC29800E-770E-456D-B0C8-2C81ED135765}"
EndProject
Global
	GlobalSection(SolutionConfigurationPlatforms) = preSolution
		Debug|Any CPU = Debug|Any CPU
		Release|Any CPU = Release|Any CPU
	EndGlobalSection
	GlobalSection(ProjectConfigurationPlatforms) = postSolution
		{EC29800E-770E-456D-B0C8-2C81ED135765}.Debug|Any CPU.ActiveCfg = Debug|Any CPU
		{EC29800E-770E-456D-B0C8-2C81ED135765}.Debug|Any CPU.Build.0 = Debug|Any CPU
		{EC29800E-770E-456D-B0C8-2C81ED135765}.Release|Any CPU.ActiveCfg = Release|Any CPU
		{EC29800E-770E-456D-B0C8-2C81ED135765}.Release|Any CPU.Build.0 = Release|Any CPU
	EndGlobalSection
	GlobalSection(SolutionProperties) = preSolution
		HideSolutionNode = FALSE
	EndGlobalSection
	GlobalSection(ExtensibilityGlobals) = postSolution
		SolutionGuid = {0A9A13C6-7DB1-4C2B-931B-C770B46EBE58}
	EndGlobalSection
EndGlobal
