
Microsoft Visual Studio Solution File, Format Version 12.00
# Visual Studio Version 17
VisualStudioVersion = 17.3.32825.248
MinimumVisualStudioVersion = 10.0.40219.1
Project("{FAE04EC0-301F-11D3-BF4B-00C04F79EFBC}") = "Part_1_Task_4.43", "Part_1_Task_4.43\Part_1_Task_4.43.csproj", "{D3C0E5CE-EA23-40F2-9E06-895A8EE7D3BC}"
EndProject
Global
	GlobalSection(SolutionConfigurationPlatforms) = preSolution
		Debug|Any CPU = Debug|Any CPU
		Release|Any CPU = Release|Any CPU
	EndGlobalSection
	GlobalSection(ProjectConfigurationPlatforms) = postSolution
		{D3C0E5CE-EA23-40F2-9E06-895A8EE7D3BC}.Debug|Any CPU.ActiveCfg = Debug|Any CPU
		{D3C0E5CE-EA23-40F2-9E06-895A8EE7D3BC}.Debug|Any CPU.Build.0 = Debug|Any CPU
		{D3C0E5CE-EA23-40F2-9E06-895A8EE7D3BC}.Release|Any CPU.ActiveCfg = Release|Any CPU
		{D3C0E5CE-EA23-40F2-9E06-895A8EE7D3BC}.Release|Any CPU.Build.0 = Release|Any CPU
	EndGlobalSection
	GlobalSection(SolutionProperties) = preSolution
		HideSolutionNode = FALSE
	EndGlobalSection
	GlobalSection(ExtensibilityGlobals) = postSolution
		SolutionGuid = {5EC24263-FE8B-4A4E-BD83-310D6E1ED976}
	EndGlobalSection
EndGlobal
